
Microsoft Visual Studio Solution File, Format Version 12.00
# Visual Studio Version 17
VisualStudioVersion = 17.7.34202.233
MinimumVisualStudioVersion = 10.0.40219.1
Project("{FAE04EC0-301F-11D3-BF4B-00C04F79EFBC}") = "Radijvektori", "Radijvektori\Radijvektori.csproj", "{C008D6A2-D56C-432B-A1E0-E2FFB43AED4C}"
EndProject
Global
	GlobalSection(SolutionConfigurationPlatforms) = preSolution
		Debug|Any CPU = Debug|Any CPU
		Release|Any CPU = Release|Any CPU
	EndGlobalSection
	GlobalSection(ProjectConfigurationPlatforms) = postSolution
		{C008D6A2-D56C-432B-A1E0-E2FFB43AED4C}.Debug|Any CPU.ActiveCfg = Debug|Any CPU
		{C008D6A2-D56C-432B-A1E0-E2FFB43AED4C}.Debug|Any CPU.Build.0 = Debug|Any CPU
		{C008D6A2-D56C-432B-A1E0-E2FFB43AED4C}.Release|Any CPU.ActiveCfg = Release|Any CPU
		{C008D6A2-D56C-432B-A1E0-E2FFB43AED4C}.Release|Any CPU.Build.0 = Release|Any CPU
	EndGlobalSection
	GlobalSection(SolutionProperties) = preSolution
		HideSolutionNode = FALSE
	EndGlobalSection
	GlobalSection(ExtensibilityGlobals) = postSolution
		SolutionGuid = {4C3F3941-8B66-40D6-AB41-4AA208D73E13}
	EndGlobalSection
EndGlobal
